
Microsoft Visual Studio Solution File, Format Version 12.00
# Visual Studio Version 17
VisualStudioVersion = 17.5.33424.131
MinimumVisualStudioVersion = 10.0.40219.1
Project("{FAE04EC0-301F-11D3-BF4B-00C04F79EFBC}") = "LessonOne", "LessonOne\LessonOne.csproj", "{E1120C31-4885-468E-8061-5A02665011D8}"
EndProject
Project("{FAE04EC0-301F-11D3-BF4B-00C04F79EFBC}") = "MyLibrary", "MyLibrary\MyLibrary.csproj", "{1FCDDA21-5700-4F0C-B50D-20751F2E1E76}"
EndProject
Project("{FAE04EC0-301F-11D3-BF4B-00C04F79EFBC}") = "LessonTwo", "LessonTwo\LessonTwo.csproj", "{035447C8-C70A-460C-B3D7-A2D94B37ABB7}"
EndProject
Project("{FAE04EC0-301F-11D3-BF4B-00C04F79EFBC}") = "LessonThree", "LessonThree\LessonThree.csproj", "{120023A5-A380-4916-993D-88066E79B8A0}"
EndProject
Project("{FAE04EC0-301F-11D3-BF4B-00C04F79EFBC}") = "LessonFour", "LessonFour\LessonFour.csproj", "{BECDCDFA-17A6-4BDB-B7E7-447AE96B43D9}"
EndProject
Project("{FAE04EC0-301F-11D3-BF4B-00C04F79EFBC}") = "LessonFive", "LessonFive\LessonFive.csproj", "{63A6660F-9E90-40DF-839C-2D33349E86C3}"
EndProject
Project("{FAE04EC0-301F-11D3-BF4B-00C04F79EFBC}") = "LessonSix", "LessonSix\LessonSix.csproj", "{59370524-AA84-4925-A5D0-BC753B81B6B3}"
EndProject
Global
	GlobalSection(SolutionConfigurationPlatforms) = preSolution
		Debug|Any CPU = Debug|Any CPU
		Debug|ARM = Debug|ARM
		Debug|ARM64 = Debug|ARM64
		Debug|x64 = Debug|x64
		Debug|x86 = Debug|x86
		Release|Any CPU = Release|Any CPU
		Release|ARM = Release|ARM
		Release|ARM64 = Release|ARM64
		Release|x64 = Release|x64
		Release|x86 = Release|x86
	EndGlobalSection
	GlobalSection(ProjectConfigurationPlatforms) = postSolution
		{E1120C31-4885-468E-8061-5A02665011D8}.Debug|Any CPU.ActiveCfg = Debug|Any CPU
		{E1120C31-4885-468E-8061-5A02665011D8}.Debug|Any CPU.Build.0 = Debug|Any CPU
		{E1120C31-4885-468E-8061-5A02665011D8}.Debug|ARM.ActiveCfg = Debug|Any CPU
		{E1120C31-4885-468E-8061-5A02665011D8}.Debug|ARM.Build.0 = Debug|Any CPU
		{E1120C31-4885-468E-8061-5A02665011D8}.Debug|ARM64.ActiveCfg = Debug|Any CPU
		{E1120C31-4885-468E-8061-5A02665011D8}.Debug|ARM64.Build.0 = Debug|Any CPU
		{E1120C31-4885-468E-8061-5A02665011D8}.Debug|x64.ActiveCfg = Debug|Any CPU
		{E1120C31-4885-468E-8061-5A02665011D8}.Debug|x64.Build.0 = Debug|Any CPU
		{E1120C31-4885-468E-8061-5A02665011D8}.Debug|x86.ActiveCfg = Debug|Any CPU
		{E1120C31-4885-468E-8061-5A02665011D8}.Debug|x86.Build.0 = Debug|Any CPU
		{E1120C31-4885-468E-8061-5A02665011D8}.Release|Any CPU.ActiveCfg = Release|Any CPU
		{E1120C31-4885-468E-8061-5A02665011D8}.Release|Any CPU.Build.0 = Release|Any CPU
		{E1120C31-4885-468E-8061-5A02665011D8}.Release|ARM.ActiveCfg = Release|Any CPU
		{E1120C31-4885-468E-8061-5A02665011D8}.Release|ARM.Build.0 = Release|Any CPU
		{E1120C31-4885-468E-8061-5A02665011D8}.Release|ARM64.ActiveCfg = Release|Any CPU
		{E1120C31-4885-468E-8061-5A02665011D8}.Release|ARM64.Build.0 = Release|Any CPU
		{E1120C31-4885-468E-8061-5A02665011D8}.Release|x64.ActiveCfg = Release|Any CPU
		{E1120C31-4885-468E-8061-5A02665011D8}.Release|x64.Build.0 = Release|Any CPU
		{E1120C31-4885-468E-8061-5A02665011D8}.Release|x86.ActiveCfg = Release|Any CPU
		{E1120C31-4885-468E-8061-5A02665011D8}.Release|x86.Build.0 = Release|Any CPU
		{1FCDDA21-5700-4F0C-B50D-20751F2E1E76}.Debug|Any CPU.ActiveCfg = Debug|Any CPU
		{1FCDDA21-5700-4F0C-B50D-20751F2E1E76}.Debug|Any CPU.Build.0 = Debug|Any CPU
		{1FCDDA21-5700-4F0C-B50D-20751F2E1E76}.Debug|ARM.ActiveCfg = Debug|Any CPU
		{1FCDDA21-5700-4F0C-B50D-20751F2E1E76}.Debug|ARM.Build.0 = Debug|Any CPU
		{1FCDDA21-5700-4F0C-B50D-20751F2E1E76}.Debug|ARM64.ActiveCfg = Debug|Any CPU
		{1FCDDA21-5700-4F0C-B50D-20751F2E1E76}.Debug|ARM64.Build.0 = Debug|Any CPU
		{1FCDDA21-5700-4F0C-B50D-20751F2E1E76}.Debug|x64.ActiveCfg = Debug|Any CPU
		{1FCDDA21-5700-4F0C-B50D-20751F2E1E76}.Debug|x64.Build.0 = Debug|Any CPU
		{1FCDDA21-5700-4F0C-B50D-20751F2E1E76}.Debug|x86.ActiveCfg = Debug|Any CPU
		{1FCDDA21-5700-4F0C-B50D-20751F2E1E76}.Debug|x86.Build.0 = Debug|Any CPU
		{1FCDDA21-5700-4F0C-B50D-20751F2E1E76}.Release|Any CPU.ActiveCfg = Release|Any CPU
		{1FCDDA21-5700-4F0C-B50D-20751F2E1E76}.Release|Any CPU.Build.0 = Release|Any CPU
		{1FCDDA21-5700-4F0C-B50D-20751F2E1E76}.Release|ARM.ActiveCfg = Release|Any CPU
		{1FCDDA21-5700-4F0C-B50D-20751F2E1E76}.Release|ARM.Build.0 = Release|Any CPU
		{1FCDDA21-5700-4F0C-B50D-20751F2E1E76}.Release|ARM64.ActiveCfg = Release|Any CPU
		{1FCDDA21-5700-4F0C-B50D-20751F2E1E76}.Release|ARM64.Build.0 = Release|Any CPU
		{1FCDDA21-5700-4F0C-B50D-20751F2E1E76}.Release|x64.ActiveCfg = Release|Any CPU
		{1FCDDA21-5700-4F0C-B50D-20751F2E1E76}.Release|x64.Build.0 = Release|Any CPU
		{1FCDDA21-5700-4F0C-B50D-20751F2E1E76}.Release|x86.ActiveCfg = Release|Any CPU
		{1FCDDA21-5700-4F0C-B50D-20751F2E1E76}.Release|x86.Build.0 = Release|Any CPU
		{035447C8-C70A-460C-B3D7-A2D94B37ABB7}.Debug|Any CPU.ActiveCfg = Debug|Any CPU
		{035447C8-C70A-460C-B3D7-A2D94B37ABB7}.Debug|Any CPU.Build.0 = Debug|Any CPU
		{035447C8-C70A-460C-B3D7-A2D94B37ABB7}.Debug|ARM.ActiveCfg = Debug|Any CPU
		{035447C8-C70A-460C-B3D7-A2D94B37ABB7}.Debug|ARM.Build.0 = Debug|Any CPU
		{035447C8-C70A-460C-B3D7-A2D94B37ABB7}.Debug|ARM64.ActiveCfg = Debug|Any CPU
		{035447C8-C70A-460C-B3D7-A2D94B37ABB7}.Debug|ARM64.Build.0 = Debug|Any CPU
		{035447C8-C70A-460C-B3D7-A2D94B37ABB7}.Debug|x64.ActiveCfg = Debug|Any CPU
		{035447C8-C70A-460C-B3D7-A2D94B37ABB7}.Debug|x64.Build.0 = Debug|Any CPU
		{035447C8-C70A-460C-B3D7-A2D94B37ABB7}.Debug|x86.ActiveCfg = Debug|Any CPU
		{035447C8-C70A-460C-B3D7-A2D94B37ABB7}.Debug|x86.Build.0 = Debug|Any CPU
		{035447C8-C70A-460C-B3D7-A2D94B37ABB7}.Release|Any CPU.ActiveCfg = Release|Any CPU
		{035447C8-C70A-460C-B3D7-A2D94B37ABB7}.Release|Any CPU.Build.0 = Release|Any CPU
		{035447C8-C70A-460C-B3D7-A2D94B37ABB7}.Release|ARM.ActiveCfg = Release|Any CPU
		{035447C8-C70A-460C-B3D7-A2D94B37ABB7}.Release|ARM.Build.0 = Release|Any CPU
		{035447C8-C70A-460C-B3D7-A2D94B37ABB7}.Release|ARM64.ActiveCfg = Release|Any CPU
		{035447C8-C70A-460C-B3D7-A2D94B37ABB7}.Release|ARM64.Build.0 = Release|Any CPU
		{035447C8-C70A-460C-B3D7-A2D94B37ABB7}.Release|x64.ActiveCfg = Release|Any CPU
		{035447C8-C70A-460C-B3D7-A2D94B37ABB7}.Release|x64.Build.0 = Release|Any CPU
		{035447C8-C70A-460C-B3D7-A2D94B37ABB7}.Release|x86.ActiveCfg = Release|Any CPU
		{035447C8-C70A-460C-B3D7-A2D94B37ABB7}.Release|x86.Build.0 = Release|Any CPU
		{120023A5-A380-4916-993D-88066E79B8A0}.Debug|Any CPU.ActiveCfg = Debug|Any CPU
		{120023A5-A380-4916-993D-88066E79B8A0}.Debug|Any CPU.Build.0 = Debug|Any CPU
		{120023A5-A380-4916-993D-88066E79B8A0}.Debug|ARM.ActiveCfg = Debug|Any CPU
		{120023A5-A380-4916-993D-88066E79B8A0}.Debug|ARM.Build.0 = Debug|Any CPU
		{120023A5-A380-4916-993D-88066E79B8A0}.Debug|ARM64.ActiveCfg = Debug|Any CPU
		{120023A5-A380-4916-993D-88066E79B8A0}.Debug|ARM64.Build.0 = Debug|Any CPU
		{120023A5-A380-4916-993D-88066E79B8A0}.Debug|x64.ActiveCfg = Debug|Any CPU
		{120023A5-A380-4916-993D-88066E79B8A0}.Debug|x64.Build.0 = Debug|Any CPU
		{120023A5-A380-4916-993D-88066E79B8A0}.Debug|x86.ActiveCfg = Debug|Any CPU
		{120023A5-A380-4916-993D-88066E79B8A0}.Debug|x86.Build.0 = Debug|Any CPU
		{120023A5-A380-4916-993D-88066E79B8A0}.Release|Any CPU.ActiveCfg = Release|Any CPU
		{120023A5-A380-4916-993D-88066E79B8A0}.Release|Any CPU.Build.0 = Release|Any CPU
		{120023A5-A380-4916-993D-88066E79B8A0}.Release|ARM.ActiveCfg = Release|Any CPU
		{120023A5-A380-4916-993D-88066E79B8A0}.Release|ARM.Build.0 = Release|Any CPU
		{120023A5-A380-4916-993D-88066E79B8A0}.Release|ARM64.ActiveCfg = Release|Any CPU
		{120023A5-A380-4916-993D-88066E79B8A0}.Release|ARM64.Build.0 = Release|Any CPU
		{120023A5-A380-4916-993D-88066E79B8A0}.Release|x64.ActiveCfg = Release|Any CPU
		{120023A5-A380-4916-993D-88066E79B8A0}.Release|x64.Build.0 = Release|Any CPU
		{120023A5-A380-4916-993D-88066E79B8A0}.Release|x86.ActiveCfg = Release|Any CPU
		{120023A5-A380-4916-993D-88066E79B8A0}.Release|x86.Build.0 = Release|Any CPU
		{BECDCDFA-17A6-4BDB-B7E7-447AE96B43D9}.Debug|Any CPU.ActiveCfg = Debug|Any CPU
		{BECDCDFA-17A6-4BDB-B7E7-447AE96B43D9}.Debug|Any CPU.Build.0 = Debug|Any CPU
		{BECDCDFA-17A6-4BDB-B7E7-447AE96B43D9}.Debug|ARM.ActiveCfg = Debug|Any CPU
		{BECDCDFA-17A6-4BDB-B7E7-447AE96B43D9}.Debug|ARM.Build.0 = Debug|Any CPU
		{BECDCDFA-17A6-4BDB-B7E7-447AE96B43D9}.Debug|ARM64.ActiveCfg = Debug|Any CPU
		{BECDCDFA-17A6-4BDB-B7E7-447AE96B43D9}.Debug|ARM64.Build.0 = Debug|Any CPU
		{BECDCDFA-17A6-4BDB-B7E7-447AE96B43D9}.Debug|x64.ActiveCfg = Debug|Any CPU
		{BECDCDFA-17A6-4BDB-B7E7-447AE96B43D9}.Debug|x64.Build.0 = Debug|Any CPU
		{BECDCDFA-17A6-4BDB-B7E7-447AE96B43D9}.Debug|x86.ActiveCfg = Debug|Any CPU
		{BECDCDFA-17A6-4BDB-B7E7-447AE96B43D9}.Debug|x86.Build.0 = Debug|Any CPU
		{BECDCDFA-17A6-4BDB-B7E7-447AE96B43D9}.Release|Any CPU.ActiveCfg = Release|Any CPU
		{BECDCDFA-17A6-4BDB-B7E7-447AE96B43D9}.Release|Any CPU.Build.0 = Release|Any CPU
		{BECDCDFA-17A6-4BDB-B7E7-447AE96B43D9}.Release|ARM.ActiveCfg = Release|Any CPU
		{BECDCDFA-17A6-4BDB-B7E7-447AE96B43D9}.Release|ARM.Build.0 = Release|Any CPU
		{BECDCDFA-17A6-4BDB-B7E7-447AE96B43D9}.Release|ARM64.ActiveCfg = Release|Any CPU
		{BECDCDFA-17A6-4BDB-B7E7-447AE96B43D9}.Release|ARM64.Build.0 = Release|Any CPU
		{BECDCDFA-17A6-4BDB-B7E7-447AE96B43D9}.Release|x64.ActiveCfg = Release|Any CPU
		{BECDCDFA-17A6-4BDB-B7E7-447AE96B43D9}.Release|x64.Build.0 = Release|Any CPU
		{BECDCDFA-17A6-4BDB-B7E7-447AE96B43D9}.Release|x86.ActiveCfg = Release|Any CPU
		{BECDCDFA-17A6-4BDB-B7E7-447AE96B43D9}.Release|x86.Build.0 = Release|Any CPU
		{63A6660F-9E90-40DF-839C-2D33349E86C3}.Debug|Any CPU.ActiveCfg = Debug|Any CPU
		{63A6660F-9E90-40DF-839C-2D33349E86C3}.Debug|Any CPU.Build.0 = Debug|Any CPU
		{63A6660F-9E90-40DF-839C-2D33349E86C3}.Debug|ARM.ActiveCfg = Debug|Any CPU
		{63A6660F-9E90-40DF-839C-2D33349E86C3}.Debug|ARM.Build.0 = Debug|Any CPU
		{63A6660F-9E90-40DF-839C-2D33349E86C3}.Debug|ARM64.ActiveCfg = Debug|Any CPU
		{63A6660F-9E90-40DF-839C-2D33349E86C3}.Debug|ARM64.Build.0 = Debug|Any CPU
		{63A6660F-9E90-40DF-839C-2D33349E86C3}.Debug|x64.ActiveCfg = Debug|Any CPU
		{63A6660F-9E90-40DF-839C-2D33349E86C3}.Debug|x64.Build.0 = Debug|Any CPU
		{63A6660F-9E90-40DF-839C-2D33349E86C3}.Debug|x86.ActiveCfg = Debug|Any CPU
		{63A6660F-9E90-40DF-839C-2D33349E86C3}.Debug|x86.Build.0 = Debug|Any CPU
		{63A6660F-9E90-40DF-839C-2D33349E86C3}.Release|Any CPU.ActiveCfg = Release|Any CPU
		{63A6660F-9E90-40DF-839C-2D33349E86C3}.Release|Any CPU.Build.0 = Release|Any CPU
		{63A6660F-9E90-40DF-839C-2D33349E86C3}.Release|ARM.ActiveCfg = Release|Any CPU
		{63A6660F-9E90-40DF-839C-2D33349E86C3}.Release|ARM.Build.0 = Release|Any CPU
		{63A6660F-9E90-40DF-839C-2D33349E86C3}.Release|ARM64.ActiveCfg = Release|Any CPU
		{63A6660F-9E90-40DF-839C-2D33349E86C3}.Release|ARM64.Build.0 = Release|Any CPU
		{63A6660F-9E90-40DF-839C-2D33349E86C3}.Release|x64.ActiveCfg = Release|Any CPU
		{63A6660F-9E90-40DF-839C-2D33349E86C3}.Release|x64.Build.0 = Release|Any CPU
		{63A6660F-9E90-40DF-839C-2D33349E86C3}.Release|x86.ActiveCfg = Release|Any CPU
		{63A6660F-9E90-40DF-839C-2D33349E86C3}.Release|x86.Build.0 = Release|Any CPU
		{59370524-AA84-4925-A5D0-BC753B81B6B3}.Debug|Any CPU.ActiveCfg = Debug|Any CPU
		{59370524-AA84-4925-A5D0-BC753B81B6B3}.Debug|Any CPU.Build.0 = Debug|Any CPU
		{59370524-AA84-4925-A5D0-BC753B81B6B3}.Debug|ARM.ActiveCfg = Debug|Any CPU
		{59370524-AA84-4925-A5D0-BC753B81B6B3}.Debug|ARM.Build.0 = Debug|Any CPU
		{59370524-AA84-4925-A5D0-BC753B81B6B3}.Debug|ARM64.ActiveCfg = Debug|Any CPU
		{59370524-AA84-4925-A5D0-BC753B81B6B3}.Debug|ARM64.Build.0 = Debug|Any CPU
		{59370524-AA84-4925-A5D0-BC753B81B6B3}.Debug|x64.ActiveCfg = Debug|Any CPU
		{59370524-AA84-4925-A5D0-BC753B81B6B3}.Debug|x64.Build.0 = Debug|Any CPU
		{59370524-AA84-4925-A5D0-BC753B81B6B3}.Debug|x86.ActiveCfg = Debug|Any CPU
		{59370524-AA84-4925-A5D0-BC753B81B6B3}.Debug|x86.Build.0 = Debug|Any CPU
		{59370524-AA84-4925-A5D0-BC753B81B6B3}.Release|Any CPU.ActiveCfg = Release|Any CPU
		{59370524-AA84-4925-A5D0-BC753B81B6B3}.Release|Any CPU.Build.0 = Release|Any CPU
		{59370524-AA84-4925-A5D0-BC753B81B6B3}.Release|ARM.ActiveCfg = Release|Any CPU
		{59370524-AA84-4925-A5D0-BC753B81B6B3}.Release|ARM.Build.0 = Release|Any CPU
		{59370524-AA84-4925-A5D0-BC753B81B6B3}.Release|ARM64.ActiveCfg = Release|Any CPU
		{59370524-AA84-4925-A5D0-BC753B81B6B3}.Release|ARM64.Build.0 = Release|Any CPU
		{59370524-AA84-4925-A5D0-BC753B81B6B3}.Release|x64.ActiveCfg = Release|Any CPU
		{59370524-AA84-4925-A5D0-BC753B81B6B3}.Release|x64.Build.0 = Release|Any CPU
		{59370524-AA84-4925-A5D0-BC753B81B6B3}.Release|x86.ActiveCfg = Release|Any CPU
		{59370524-AA84-4925-A5D0-BC753B81B6B3}.Release|x86.Build.0 = Release|Any CPU
	EndGlobalSection
	GlobalSection(SolutionProperties) = preSolution
		HideSolutionNode = FALSE
	EndGlobalSection
	GlobalSection(ExtensibilityGlobals) = postSolution
		SolutionGuid = {BD1DDE3A-7072-4C36-B323-2651C5E3C745}
	EndGlobalSection
EndGlobal
